
Microsoft Visual Studio Solution File, Format Version 12.00
# Visual Studio Version 17
VisualStudioVersion = 17.5.002.0
MinimumVisualStudioVersion = 10.0.40219.1
Project("{9A19103F-16F7-4668-BE54-9A1E7A4F7556}") = "BlazorTailwindQuickStart", "BlazorTailwindQuickStart.csproj", "{05BBE76F-4B79-450E-A47B-0EB5E7516FEA}"
EndProject
Global
	GlobalSection(SolutionConfigurationPlatforms) = preSolution
		Debug|Any CPU = Debug|Any CPU
		Release|Any CPU = Release|Any CPU
	EndGlobalSection
	GlobalSection(ProjectConfigurationPlatforms) = postSolution
		{05BBE76F-4B79-450E-A47B-0EB5E7516FEA}.Debug|Any CPU.ActiveCfg = Debug|Any CPU
		{05BBE76F-4B79-450E-A47B-0EB5E7516FEA}.Debug|Any CPU.Build.0 = Debug|Any CPU
		{05BBE76F-4B79-450E-A47B-0EB5E7516FEA}.Release|Any CPU.ActiveCfg = Release|Any CPU
		{05BBE76F-4B79-450E-A47B-0EB5E7516FEA}.Release|Any CPU.Build.0 = Release|Any CPU
	EndGlobalSection
	GlobalSection(SolutionProperties) = preSolution
		HideSolutionNode = FALSE
	EndGlobalSection
	GlobalSection(ExtensibilityGlobals) = postSolution
		SolutionGuid = {7388C5C3-4CE0-46F7-9697-57AA28DB11E9}
	EndGlobalSection
EndGlobal
