Microsoft Visual Studio Solution File, Format Version 12.00
# Visual Studio Version 16
VisualStudioVersion = 16.0.0.0
MinimumVisualStudioVersion = 16.0.0.0
Project("{9A19103F-16F7-4668-BE54-9A1E7A4F7556}") = "BlazorLoadingAnimation.Server", "Server\BlazorLoadingAnimation.Server.csproj", "{58D6CC28-0D8B-435B-A8D0-722E180F1EC7}"
EndProject
Project("{9A19103F-16F7-4668-BE54-9A1E7A4F7556}") = "BlazorLoadingAnimation.Client", "Client\BlazorLoadingAnimation.Client.csproj", "{46F56053-E33C-4255-B3BF-9CA963F0C738}"
EndProject
Project("{9A19103F-16F7-4668-BE54-9A1E7A4F7556}") = "BlazorLoadingAnimation.Shared", "Shared\BlazorLoadingAnimation.Shared.csproj", "{333E8D1C-34E0-4C8B-ABC6-36D46A4D27E1}"
EndProject
Global
	GlobalSection(SolutionConfigurationPlatforms) = preSolution
		Debug|Any CPU = Debug|Any CPU
		Debug|x64 = Debug|x64
		Debug|x86 = Debug|x86
		Release|Any CPU = Release|Any CPU
		Release|x64 = Release|x64
		Release|x86 = Release|x86
	EndGlobalSection
	GlobalSection(ProjectConfigurationPlatforms) = postSolution
		{46F56053-E33C-4255-B3BF-9CA963F0C738}.Debug|Any CPU.ActiveCfg = Debug|Any CPU
		{46F56053-E33C-4255-B3BF-9CA963F0C738}.Debug|Any CPU.Build.0 = Debug|Any CPU
		{46F56053-E33C-4255-B3BF-9CA963F0C738}.Debug|x64.ActiveCfg = Debug|Any CPU
		{46F56053-E33C-4255-B3BF-9CA963F0C738}.Debug|x64.Build.0 = Debug|Any CPU
		{46F56053-E33C-4255-B3BF-9CA963F0C738}.Debug|x86.ActiveCfg = Debug|Any CPU
		{46F56053-E33C-4255-B3BF-9CA963F0C738}.Debug|x86.Build.0 = Debug|Any CPU
		{46F56053-E33C-4255-B3BF-9CA963F0C738}.Release|Any CPU.ActiveCfg = Release|Any CPU
		{46F56053-E33C-4255-B3BF-9CA963F0C738}.Release|Any CPU.Build.0 = Release|Any CPU
		{46F56053-E33C-4255-B3BF-9CA963F0C738}.Release|x64.ActiveCfg = Release|Any CPU
		{46F56053-E33C-4255-B3BF-9CA963F0C738}.Release|x64.Build.0 = Release|Any CPU
		{46F56053-E33C-4255-B3BF-9CA963F0C738}.Release|x86.ActiveCfg = Release|Any CPU
		{46F56053-E33C-4255-B3BF-9CA963F0C738}.Release|x86.Build.0 = Release|Any CPU
		{58D6CC28-0D8B-435B-A8D0-722E180F1EC7}.Debug|Any CPU.ActiveCfg = Debug|Any CPU
		{58D6CC28-0D8B-435B-A8D0-722E180F1EC7}.Debug|Any CPU.Build.0 = Debug|Any CPU
		{58D6CC28-0D8B-435B-A8D0-722E180F1EC7}.Debug|x64.ActiveCfg = Debug|Any CPU
		{58D6CC28-0D8B-435B-A8D0-722E180F1EC7}.Debug|x64.Build.0 = Debug|Any CPU
		{58D6CC28-0D8B-435B-A8D0-722E180F1EC7}.Debug|x86.ActiveCfg = Debug|Any CPU
		{58D6CC28-0D8B-435B-A8D0-722E180F1EC7}.Debug|x86.Build.0 = Debug|Any CPU
		{58D6CC28-0D8B-435B-A8D0-722E180F1EC7}.Release|Any CPU.ActiveCfg = Release|Any CPU
		{58D6CC28-0D8B-435B-A8D0-722E180F1EC7}.Release|Any CPU.Build.0 = Release|Any CPU
		{58D6CC28-0D8B-435B-A8D0-722E180F1EC7}.Release|x64.ActiveCfg = Release|Any CPU
		{58D6CC28-0D8B-435B-A8D0-722E180F1EC7}.Release|x64.Build.0 = Release|Any CPU
		{58D6CC28-0D8B-435B-A8D0-722E180F1EC7}.Release|x86.ActiveCfg = Release|Any CPU
		{58D6CC28-0D8B-435B-A8D0-722E180F1EC7}.Release|x86.Build.0 = Release|Any CPU
		{333E8D1C-34E0-4C8B-ABC6-36D46A4D27E1}.Debug|Any CPU.ActiveCfg = Debug|Any CPU
		{333E8D1C-34E0-4C8B-ABC6-36D46A4D27E1}.Debug|Any CPU.Build.0 = Debug|Any CPU
		{333E8D1C-34E0-4C8B-ABC6-36D46A4D27E1}.Debug|x64.ActiveCfg = Debug|Any CPU
		{333E8D1C-34E0-4C8B-ABC6-36D46A4D27E1}.Debug|x64.Build.0 = Debug|Any CPU
		{333E8D1C-34E0-4C8B-ABC6-36D46A4D27E1}.Debug|x86.ActiveCfg = Debug|Any CPU
		{333E8D1C-34E0-4C8B-ABC6-36D46A4D27E1}.Debug|x86.Build.0 = Debug|Any CPU
		{333E8D1C-34E0-4C8B-ABC6-36D46A4D27E1}.Release|Any CPU.ActiveCfg = Release|Any CPU
		{333E8D1C-34E0-4C8B-ABC6-36D46A4D27E1}.Release|Any CPU.Build.0 = Release|Any CPU
		{333E8D1C-34E0-4C8B-ABC6-36D46A4D27E1}.Release|x64.ActiveCfg = Release|Any CPU
		{333E8D1C-34E0-4C8B-ABC6-36D46A4D27E1}.Release|x64.Build.0 = Release|Any CPU
		{333E8D1C-34E0-4C8B-ABC6-36D46A4D27E1}.Release|x86.ActiveCfg = Release|Any CPU
		{333E8D1C-34E0-4C8B-ABC6-36D46A4D27E1}.Release|x86.Build.0 = Release|Any CPU
	EndGlobalSection
	GlobalSection(SolutionProperties) = preSolution
		HideSolutionNode = FALSE
	EndGlobalSection
	GlobalSection(ExtensibilityGlobals) = postSolution
		SolutionGuid = {85677BD4-998A-42CE-BB9F-0C03286E59E9}
	EndGlobalSection
EndGlobal