
Microsoft Visual Studio Solution File, Format Version 12.00
# Visual Studio Version 17
VisualStudioVersion = 17.9.34310.174
MinimumVisualStudioVersion = 10.0.40219.1
Project("{FAE04EC0-301F-11D3-BF4B-00C04F79EFBC}") = "DotNet8SpecificationPattern", "DotNet8SpecificationPattern\DotNet8SpecificationPattern.csproj", "{23995DCC-8F3E-4EC6-9E80-2EA36EFE46E3}"
EndProject
Global
	GlobalSection(SolutionConfigurationPlatforms) = preSolution
		Debug|Any CPU = Debug|Any CPU
		Release|Any CPU = Release|Any CPU
	EndGlobalSection
	GlobalSection(ProjectConfigurationPlatforms) = postSolution
		{23995DCC-8F3E-4EC6-9E80-2EA36EFE46E3}.Debug|Any CPU.ActiveCfg = Debug|Any CPU
		{23995DCC-8F3E-4EC6-9E80-2EA36EFE46E3}.Debug|Any CPU.Build.0 = Debug|Any CPU
		{23995DCC-8F3E-4EC6-9E80-2EA36EFE46E3}.Release|Any CPU.ActiveCfg = Release|Any CPU
		{23995DCC-8F3E-4EC6-9E80-2EA36EFE46E3}.Release|Any CPU.Build.0 = Release|Any CPU
	EndGlobalSection
	GlobalSection(SolutionProperties) = preSolution
		HideSolutionNode = FALSE
	EndGlobalSection
	GlobalSection(ExtensibilityGlobals) = postSolution
		SolutionGuid = {A250C7E0-214D-43DE-A916-76FCD6DAAE5E}
	EndGlobalSection
EndGlobal
