
Microsoft Visual Studio Solution File, Format Version 12.00
# Visual Studio Version 17
VisualStudioVersion = 17.7.34221.43
MinimumVisualStudioVersion = 10.0.40219.1
Project("{FAE04EC0-301F-11D3-BF4B-00C04F79EFBC}") = "BlazorAdventCalendar", "BlazorAdventCalendar\BlazorAdventCalendar.csproj", "{B2915A1D-C85E-41AF-88B9-6080C0F7E7F6}"
EndProject
Global
	GlobalSection(SolutionConfigurationPlatforms) = preSolution
		Debug|Any CPU = Debug|Any CPU
		Release|Any CPU = Release|Any CPU
	EndGlobalSection
	GlobalSection(ProjectConfigurationPlatforms) = postSolution
		{B2915A1D-C85E-41AF-88B9-6080C0F7E7F6}.Debug|Any CPU.ActiveCfg = Debug|Any CPU
		{B2915A1D-C85E-41AF-88B9-6080C0F7E7F6}.Debug|Any CPU.Build.0 = Debug|Any CPU
		{B2915A1D-C85E-41AF-88B9-6080C0F7E7F6}.Release|Any CPU.ActiveCfg = Release|Any CPU
		{B2915A1D-C85E-41AF-88B9-6080C0F7E7F6}.Release|Any CPU.Build.0 = Release|Any CPU
	EndGlobalSection
	GlobalSection(SolutionProperties) = preSolution
		HideSolutionNode = FALSE
	EndGlobalSection
	GlobalSection(ExtensibilityGlobals) = postSolution
		SolutionGuid = {487DFA88-4B2A-41A2-9262-713EAAEC345F}
	EndGlobalSection
EndGlobal
